{
    "_readme": [
        "This file locks the dependencies of your project to a known state",
        "Read more about it at https://getcomposer.org/doc/01-basic-usage.md#installing-dependencies",
        "This file is @generated automatically"
    ],
    "content-hash": "85851087bd9fbdcce8153d22a2f4b98c",
    "packages": [
        {
            "name": "codex-team/editor.js",
            "version": "dev-master",
            "source": {
                "type": "git",
                "url": "https://github.com/editor-js/editorjs-php.git",
                "reference": "9446738b6046ab05fe850dec2814dec535fe2e48"
            },
            "dist": {
                "type": "zip",
                "url": "https://api.github.com/repos/editor-js/editorjs-php/zipball/9446738b6046ab05fe850dec2814dec535fe2e48",
                "reference": "9446738b6046ab05fe850dec2814dec535fe2e48",
                "shasum": ""
            },
            "require": {
                "ezyang/htmlpurifier": "^4.8",
                "php": ">=5.6"
            },
            "require-dev": {
                "friendsofphp/php-cs-fixer": "^2.13",
                "phpunit/phpunit": "5.4.*"
            },
            "default-branch": true,
            "type": "library",
            "autoload": {
                "psr-4": {
                    "EditorJS\\": "EditorJS"
                }
            },
            "notification-url": "https://packagist.org/downloads/",
            "license": [
                "MIT"
            ],
            "authors": [
                {
                    "name": "CodeX Team",
                    "email": "team@ifmo.su"
                }
            ],
            "description": "PHP backend implementation for the Editor.js",
            "support": {
                "issues": "https://github.com/editor-js/editorjs-php/issues",
                "source": "https://github.com/editor-js/editorjs-php/tree/master"
            },
            "time": "2022-09-30T11:57:25+00:00"
        },
        {
            "name": "edd-g/editorjs-simple-html-parser",
            "version": "dev-master",
            "source": {
                "type": "git",
                "url": "https://github.com/Edd-G/editorjs-simple-html-parser.git",
                "reference": "a8563fbb91b7d3373f84f86820cdeac918fa341f"
            },
            "dist": {
                "type": "zip",
                "url": "https://api.github.com/repos/Edd-G/editorjs-simple-html-parser/zipball/a8563fbb91b7d3373f84f86820cdeac918fa341f",
                "reference": "a8563fbb91b7d3373f84f86820cdeac918fa341f",
                "shasum": ""
            },
            "require": {
                "ext-dom": "*",
                "ext-json": "*",
                "masterminds/html5": "^2.7@dev",
                "php": ">=7.3"
            },
            "require-dev": {
                "phpunit/phpunit": "^8"
            },
            "default-branch": true,
            "type": "library",
            "autoload": {
                "psr-4": {
                    "Durlecode\\EJSParser\\": "src/"
                }
            },
            "autoload-dev": {
                "psr-4": {
                    "Durlecode\\EJSParser\\Tests\\": "tests/"
                }
            },
            "scripts": {
                "test": [
                    "vendor/bin/phpunit tests/ --coverage-clover=coverage.xml"
                ]
            },
            "license": [
                "MIT"
            ],
            "description": "A simple Json to Html parser for EditorJS library",
            "support": {
                "source": "https://github.com/Edd-G/editorjs-simple-html-parser/tree/master"
            },
            "time": "2024-03-23T22:53:51+00:00"
        },
        {
            "name": "ezyang/htmlpurifier",
            "version": "v4.17.0",
            "source": {
                "type": "git",
                "url": "https://github.com/ezyang/htmlpurifier.git",
                "reference": "bbc513d79acf6691fa9cf10f192c90dd2957f18c"
            },
            "dist": {
                "type": "zip",
                "url": "https://api.github.com/repos/ezyang/htmlpurifier/zipball/bbc513d79acf6691fa9cf10f192c90dd2957f18c",
                "reference": "bbc513d79acf6691fa9cf10f192c90dd2957f18c",
                "shasum": ""
            },
            "require": {
                "php": "~5.6.0 || ~7.0.0 || ~7.1.0 || ~7.2.0 || ~7.3.0 || ~7.4.0 || ~8.0.0 || ~8.1.0 || ~8.2.0 || ~8.3.0"
            },
            "require-dev": {
                "cerdic/css-tidy": "^1.7 || ^2.0",
                "simpletest/simpletest": "dev-master"
            },
            "suggest": {
                "cerdic/css-tidy": "If you want to use the filter 'Filter.ExtractStyleBlocks'.",
                "ext-bcmath": "Used for unit conversion and imagecrash protection",
                "ext-iconv": "Converts text to and from non-UTF-8 encodings",
                "ext-tidy": "Used for pretty-printing HTML"
            },
            "type": "library",
            "autoload": {
                "files": [
                    "library/HTMLPurifier.composer.php"
                ],
                "psr-0": {
                    "HTMLPurifier": "library/"
                },
                "exclude-from-classmap": [
                    "/library/HTMLPurifier/Language/"
                ]
            },
            "notification-url": "https://packagist.org/downloads/",
            "license": [
                "LGPL-2.1-or-later"
            ],
            "authors": [
                {
                    "name": "Edward Z. Yang",
                    "email": "admin@htmlpurifier.org",
                    "homepage": "http://ezyang.com"
                }
            ],
            "description": "Standards compliant HTML filter written in PHP",
            "homepage": "http://htmlpurifier.org/",
            "keywords": [
                "html"
            ],
            "support": {
                "issues": "https://github.com/ezyang/htmlpurifier/issues",
                "source": "https://github.com/ezyang/htmlpurifier/tree/v4.17.0"
            },
            "time": "2023-11-17T15:01:25+00:00"
        },
        {
            "name": "masterminds/html5",
            "version": "2.8.1",
            "source": {
                "type": "git",
                "url": "https://github.com/Masterminds/html5-php.git",
                "reference": "f47dcf3c70c584de14f21143c55d9939631bc6cf"
            },
            "dist": {
                "type": "zip",
                "url": "https://api.github.com/repos/Masterminds/html5-php/zipball/f47dcf3c70c584de14f21143c55d9939631bc6cf",
                "reference": "f47dcf3c70c584de14f21143c55d9939631bc6cf",
                "shasum": ""
            },
            "require": {
                "ext-dom": "*",
                "php": ">=5.3.0"
            },
            "require-dev": {
                "phpunit/phpunit": "^4.8.35 || ^5.7.21 || ^6 || ^7 || ^8"
            },
            "type": "library",
            "extra": {
                "branch-alias": {
                    "dev-master": "2.7-dev"
                }
            },
            "autoload": {
                "psr-4": {
                    "Masterminds\\": "src"
                }
            },
            "notification-url": "https://packagist.org/downloads/",
            "license": [
                "MIT"
            ],
            "authors": [
                {
                    "name": "Matt Butcher",
                    "email": "technosophos@gmail.com"
                },
                {
                    "name": "Matt Farina",
                    "email": "matt@mattfarina.com"
                },
                {
                    "name": "Asmir Mustafic",
                    "email": "goetas@gmail.com"
                }
            ],
            "description": "An HTML5 parser and serializer.",
            "homepage": "http://masterminds.github.io/html5-php",
            "keywords": [
                "HTML5",
                "dom",
                "html",
                "parser",
                "querypath",
                "serializer",
                "xml"
            ],
            "support": {
                "issues": "https://github.com/Masterminds/html5-php/issues",
                "source": "https://github.com/Masterminds/html5-php/tree/2.8.1"
            },
            "time": "2023-05-10T11:58:31+00:00"
        }
    ],
    "packages-dev": [],
    "aliases": [],
    "minimum-stability": "stable",
    "stability-flags": {
        "edd-g/editorjs-simple-html-parser": 20,
        "codex-team/editor.js": 20
    },
    "prefer-stable": false,
    "prefer-lowest": false,
    "platform": [],
    "platform-dev": [],
    "plugin-api-version": "2.3.0"
}
